
Microsoft Visual Studio Solution File, Format Version 12.00
# Visual Studio 15
VisualStudioVersion = 15.0.27004.2008
MinimumVisualStudioVersion = 10.0.40219.1
Project("{9A19103F-16F7-4668-BE54-9A1E7A4F7556}") = "DevOpsFlex.Telemetry", "DevOpsFlex.Telemetry\DevOpsFlex.Telemetry.csproj", "{76B79D4C-812A-486B-B7C4-92E9E560720E}"
EndProject
Project("{9A19103F-16F7-4668-BE54-9A1E7A4F7556}") = "DevOpsFlex.Telemetry.Tests", "Tests\DevOpsFlex.Telemetry.Tests\DevOpsFlex.Telemetry.Tests.csproj", "{F1E293EF-A634-4DB6-9574-DDC4EC13C655}"
EndProject
Project("{2150E333-8FDC-42A3-9474-1A3956D46DE8}") = "Solution Items", "Solution Items", "{2BD76580-1A5B-4B74-8E60-9493016BFDC5}"
	ProjectSection(SolutionItems) = preProject
		..\README.md = ..\README.md
	EndProjectSection
EndProject
Global
	GlobalSection(SolutionConfigurationPlatforms) = preSolution
		Debug|Any CPU = Debug|Any CPU
		Release|Any CPU = Release|Any CPU
	EndGlobalSection
	GlobalSection(ProjectConfigurationPlatforms) = postSolution
		{76B79D4C-812A-486B-B7C4-92E9E560720E}.Debug|Any CPU.ActiveCfg = Debug|Any CPU
		{76B79D4C-812A-486B-B7C4-92E9E560720E}.Debug|Any CPU.Build.0 = Debug|Any CPU
		{76B79D4C-812A-486B-B7C4-92E9E560720E}.Release|Any CPU.ActiveCfg = Release|Any CPU
		{76B79D4C-812A-486B-B7C4-92E9E560720E}.Release|Any CPU.Build.0 = Release|Any CPU
		{F1E293EF-A634-4DB6-9574-DDC4EC13C655}.Debug|Any CPU.ActiveCfg = Debug|Any CPU
		{F1E293EF-A634-4DB6-9574-DDC4EC13C655}.Debug|Any CPU.Build.0 = Debug|Any CPU
		{F1E293EF-A634-4DB6-9574-DDC4EC13C655}.Release|Any CPU.ActiveCfg = Release|Any CPU
		{F1E293EF-A634-4DB6-9574-DDC4EC13C655}.Release|Any CPU.Build.0 = Release|Any CPU
	EndGlobalSection
	GlobalSection(SolutionProperties) = preSolution
		HideSolutionNode = FALSE
	EndGlobalSection
	GlobalSection(ExtensibilityGlobals) = postSolution
		SolutionGuid = {6440E2C8-54E5-46D8-8EC6-D19702CF85AB}
	EndGlobalSection
EndGlobal
