
Microsoft Visual Studio Solution File, Format Version 12.00
# Visual Studio Version 16
VisualStudioVersion = 16.0.29201.188
MinimumVisualStudioVersion = 10.0.40219.1
Project("{2150E333-8FDC-42A3-9474-1A3956D46DE8}") = "Solution Items", "Solution Items", "{2BD76580-1A5B-4B74-8E60-9493016BFDC5}"
	ProjectSection(SolutionItems) = preProject
		.editorconfig = .editorconfig
		..\.gitignore = ..\.gitignore
		nuget.config = nuget.config
		..\README.md = ..\README.md
	EndProjectSection
EndProject
Project("{9A19103F-16F7-4668-BE54-9A1E7A4F7556}") = "Eshopworld.Telemetry", "Eshopworld.Telemetry\Eshopworld.Telemetry.csproj", "{365A1306-F9A5-45F2-A490-E0706A7D5C93}"
EndProject
Project("{9A19103F-16F7-4668-BE54-9A1E7A4F7556}") = "Eshopworld.Telemetry.Tests", "Tests\Eshopworld.Telemetry.Tests\Eshopworld.Telemetry.Tests.csproj", "{FC8A017C-51CF-44F4-9B8F-663162263031}"
EndProject
Project("{9A19103F-16F7-4668-BE54-9A1E7A4F7556}") = "Eshopworld.Telemetry.Benchmark", "Eshopworld.Telemetry.Benchmark\Eshopworld.Telemetry.Benchmark.csproj", "{F0CFBC86-AC83-4269-9EB7-B63305356292}"
EndProject
Global
	GlobalSection(SolutionConfigurationPlatforms) = preSolution
		Debug|Any CPU = Debug|Any CPU
		Debug|x64 = Debug|x64
		Release|Any CPU = Release|Any CPU
		Release|x64 = Release|x64
	EndGlobalSection
	GlobalSection(ProjectConfigurationPlatforms) = postSolution
		{365A1306-F9A5-45F2-A490-E0706A7D5C93}.Debug|Any CPU.ActiveCfg = Debug|Any CPU
		{365A1306-F9A5-45F2-A490-E0706A7D5C93}.Debug|Any CPU.Build.0 = Debug|Any CPU
		{365A1306-F9A5-45F2-A490-E0706A7D5C93}.Debug|x64.ActiveCfg = Debug|x64
		{365A1306-F9A5-45F2-A490-E0706A7D5C93}.Debug|x64.Build.0 = Debug|x64
		{365A1306-F9A5-45F2-A490-E0706A7D5C93}.Release|Any CPU.ActiveCfg = Release|Any CPU
		{365A1306-F9A5-45F2-A490-E0706A7D5C93}.Release|Any CPU.Build.0 = Release|Any CPU
		{365A1306-F9A5-45F2-A490-E0706A7D5C93}.Release|x64.ActiveCfg = Release|x64
		{365A1306-F9A5-45F2-A490-E0706A7D5C93}.Release|x64.Build.0 = Release|x64
		{FC8A017C-51CF-44F4-9B8F-663162263031}.Debug|Any CPU.ActiveCfg = Debug|Any CPU
		{FC8A017C-51CF-44F4-9B8F-663162263031}.Debug|x64.ActiveCfg = Debug|x64
		{FC8A017C-51CF-44F4-9B8F-663162263031}.Debug|x64.Build.0 = Debug|x64
		{FC8A017C-51CF-44F4-9B8F-663162263031}.Release|Any CPU.ActiveCfg = Release|Any CPU
		{FC8A017C-51CF-44F4-9B8F-663162263031}.Release|Any CPU.Build.0 = Release|Any CPU
		{FC8A017C-51CF-44F4-9B8F-663162263031}.Release|x64.ActiveCfg = Release|x64
		{FC8A017C-51CF-44F4-9B8F-663162263031}.Release|x64.Build.0 = Release|x64
		{F0CFBC86-AC83-4269-9EB7-B63305356292}.Debug|Any CPU.ActiveCfg = Debug|Any CPU
		{F0CFBC86-AC83-4269-9EB7-B63305356292}.Debug|x64.ActiveCfg = Debug|x64
		{F0CFBC86-AC83-4269-9EB7-B63305356292}.Debug|x64.Build.0 = Debug|x64
		{F0CFBC86-AC83-4269-9EB7-B63305356292}.Release|Any CPU.ActiveCfg = Release|Any CPU
		{F0CFBC86-AC83-4269-9EB7-B63305356292}.Release|Any CPU.Build.0 = Release|Any CPU
		{F0CFBC86-AC83-4269-9EB7-B63305356292}.Release|x64.ActiveCfg = Release|x64
		{F0CFBC86-AC83-4269-9EB7-B63305356292}.Release|x64.Build.0 = Release|x64
	EndGlobalSection
	GlobalSection(SolutionProperties) = preSolution
		HideSolutionNode = FALSE
	EndGlobalSection
	GlobalSection(ExtensibilityGlobals) = postSolution
		SolutionGuid = {6440E2C8-54E5-46D8-8EC6-D19702CF85AB}
	EndGlobalSection
EndGlobal
